
Microsoft Visual Studio Solution File, Format Version 12.00
# Visual Studio 15
VisualStudioVersion = 15.0.28307.421
MinimumVisualStudioVersion = 10.0.40219.1
Project("{FAE04EC0-301F-11D3-BF4B-00C04F79EFBC}") = "SosigCounter", "SosigCounter\SosigCounter.csproj", "{D73FA8DD-AE30-43CC-A156-D7A3E10494E3}"
EndProject
Global
	GlobalSection(SolutionConfigurationPlatforms) = preSolution
		Debug|Any CPU = Debug|Any CPU
		Release|Any CPU = Release|Any CPU
	EndGlobalSection
	GlobalSection(ProjectConfigurationPlatforms) = postSolution
		{D73FA8DD-AE30-43CC-A156-D7A3E10494E3}.Debug|Any CPU.ActiveCfg = Debug|Any CPU
		{D73FA8DD-AE30-43CC-A156-D7A3E10494E3}.Debug|Any CPU.Build.0 = Debug|Any CPU
		{D73FA8DD-AE30-43CC-A156-D7A3E10494E3}.Release|Any CPU.ActiveCfg = Release|Any CPU
		{D73FA8DD-AE30-43CC-A156-D7A3E10494E3}.Release|Any CPU.Build.0 = Release|Any CPU
	EndGlobalSection
	GlobalSection(SolutionProperties) = preSolution
		HideSolutionNode = FALSE
	EndGlobalSection
	GlobalSection(ExtensibilityGlobals) = postSolution
		SolutionGuid = {2FC52FEB-1792-4AF8-A346-D8EC135FE53D}
	EndGlobalSection
EndGlobal
